
Microsoft Visual Studio Solution File, Format Version 12.00
# Visual Studio Version 16
VisualStudioVersion = 16.0.32002.261
MinimumVisualStudioVersion = 10.0.40219.1
Project("{FAE04EC0-301F-11D3-BF4B-00C04F79EFBC}") = "TePass.UWP", "TePass.UWP\TePass.UWP.csproj", "{8CA946A1-2DE4-4333-8AF5-597ACD87D074}"
EndProject
Project("{FAE04EC0-301F-11D3-BF4B-00C04F79EFBC}") = "TePass.Android", "TePass.Android\TePass.Android.csproj", "{EDACE9BE-22F6-4808-82B2-FC01FC3B70F2}"
EndProject
Project("{FAE04EC0-301F-11D3-BF4B-00C04F79EFBC}") = "TePass.iOS", "TePass.iOS\TePass.iOS.csproj", "{1A601AC1-6E07-430B-AECA-A686CC432B4E}"
EndProject
Project("{FAE04EC0-301F-11D3-BF4B-00C04F79EFBC}") = "TePass", "TePass\TePass.csproj", "{F8D2C0E3-0AB2-4BCE-90F5-C9AFE18D399D}"
EndProject
Global
	GlobalSection(SolutionConfigurationPlatforms) = preSolution
		Debug|Any CPU = Debug|Any CPU
		Debug|ARM = Debug|ARM
		Debug|iPhone = Debug|iPhone
		Debug|iPhoneSimulator = Debug|iPhoneSimulator
		Debug|x64 = Debug|x64
		Debug|x86 = Debug|x86
		Release|Any CPU = Release|Any CPU
		Release|ARM = Release|ARM
		Release|iPhone = Release|iPhone
		Release|iPhoneSimulator = Release|iPhoneSimulator
		Release|x64 = Release|x64
		Release|x86 = Release|x86
	EndGlobalSection
	GlobalSection(ProjectConfigurationPlatforms) = postSolution
		{8CA946A1-2DE4-4333-8AF5-597ACD87D074}.Debug|Any CPU.ActiveCfg = Debug|x86
		{8CA946A1-2DE4-4333-8AF5-597ACD87D074}.Debug|Any CPU.Build.0 = Debug|x86
		{8CA946A1-2DE4-4333-8AF5-597ACD87D074}.Debug|Any CPU.Deploy.0 = Debug|x86
		{8CA946A1-2DE4-4333-8AF5-597ACD87D074}.Debug|ARM.ActiveCfg = Debug|ARM
		{8CA946A1-2DE4-4333-8AF5-597ACD87D074}.Debug|ARM.Build.0 = Debug|ARM
		{8CA946A1-2DE4-4333-8AF5-597ACD87D074}.Debug|ARM.Deploy.0 = Debug|ARM
		{8CA946A1-2DE4-4333-8AF5-597ACD87D074}.Debug|iPhone.ActiveCfg = Debug|x86
		{8CA946A1-2DE4-4333-8AF5-597ACD87D074}.Debug|iPhone.Build.0 = Debug|x86
		{8CA946A1-2DE4-4333-8AF5-597ACD87D074}.Debug|iPhone.Deploy.0 = Debug|x86
		{8CA946A1-2DE4-4333-8AF5-597ACD87D074}.Debug|iPhoneSimulator.ActiveCfg = Debug|x86
		{8CA946A1-2DE4-4333-8AF5-597ACD87D074}.Debug|iPhoneSimulator.Build.0 = Debug|x86
		{8CA946A1-2DE4-4333-8AF5-597ACD87D074}.Debug|iPhoneSimulator.Deploy.0 = Debug|x86
		{8CA946A1-2DE4-4333-8AF5-597ACD87D074}.Debug|x64.ActiveCfg = Debug|x64
		{8CA946A1-2DE4-4333-8AF5-597ACD87D074}.Debug|x64.Build.0 = Debug|x64
		{8CA946A1-2DE4-4333-8AF5-597ACD87D074}.Debug|x64.Deploy.0 = Debug|x64
		{8CA946A1-2DE4-4333-8AF5-597ACD87D074}.Debug|x86.ActiveCfg = Debug|x86
		{8CA946A1-2DE4-4333-8AF5-597ACD87D074}.Debug|x86.Build.0 = Debug|x86
		{8CA946A1-2DE4-4333-8AF5-597ACD87D074}.Debug|x86.Deploy.0 = Debug|x86
		{8CA946A1-2DE4-4333-8AF5-597ACD87D074}.Release|Any CPU.ActiveCfg = Release|x86
		{8CA946A1-2DE4-4333-8AF5-597ACD87D074}.Release|Any CPU.Build.0 = Release|x86
		{8CA946A1-2DE4-4333-8AF5-597ACD87D074}.Release|Any CPU.Deploy.0 = Release|x86
		{8CA946A1-2DE4-4333-8AF5-597ACD87D074}.Release|ARM.ActiveCfg = Release|ARM
		{8CA946A1-2DE4-4333-8AF5-597ACD87D074}.Release|ARM.Build.0 = Release|ARM
		{8CA946A1-2DE4-4333-8AF5-597ACD87D074}.Release|ARM.Deploy.0 = Release|ARM
		{8CA946A1-2DE4-4333-8AF5-597ACD87D074}.Release|iPhone.ActiveCfg = Release|x86
		{8CA946A1-2DE4-4333-8AF5-597ACD87D074}.Release|iPhone.Build.0 = Release|x86
		{8CA946A1-2DE4-4333-8AF5-597ACD87D074}.Release|iPhone.Deploy.0 = Release|x86
		{8CA946A1-2DE4-4333-8AF5-597ACD87D074}.Release|iPhoneSimulator.ActiveCfg = Release|x86
		{8CA946A1-2DE4-4333-8AF5-597ACD87D074}.Release|iPhoneSimulator.Build.0 = Release|x86
		{8CA946A1-2DE4-4333-8AF5-597ACD87D074}.Release|iPhoneSimulator.Deploy.0 = Release|x86
		{8CA946A1-2DE4-4333-8AF5-597ACD87D074}.Release|x64.ActiveCfg = Release|x64
		{8CA946A1-2DE4-4333-8AF5-597ACD87D074}.Release|x64.Build.0 = Release|x64
		{8CA946A1-2DE4-4333-8AF5-597ACD87D074}.Release|x64.Deploy.0 = Release|x64
		{8CA946A1-2DE4-4333-8AF5-597ACD87D074}.Release|x86.ActiveCfg = Release|x86
		{8CA946A1-2DE4-4333-8AF5-597ACD87D074}.Release|x86.Build.0 = Release|x86
		{8CA946A1-2DE4-4333-8AF5-597ACD87D074}.Release|x86.Deploy.0 = Release|x86
		{EDACE9BE-22F6-4808-82B2-FC01FC3B70F2}.Debug|Any CPU.ActiveCfg = Debug|Any CPU
		{EDACE9BE-22F6-4808-82B2-FC01FC3B70F2}.Debug|Any CPU.Build.0 = Debug|Any CPU
		{EDACE9BE-22F6-4808-82B2-FC01FC3B70F2}.Debug|Any CPU.Deploy.0 = Debug|Any CPU
		{EDACE9BE-22F6-4808-82B2-FC01FC3B70F2}.Debug|ARM.ActiveCfg = Debug|Any CPU
		{EDACE9BE-22F6-4808-82B2-FC01FC3B70F2}.Debug|ARM.Build.0 = Debug|Any CPU
		{EDACE9BE-22F6-4808-82B2-FC01FC3B70F2}.Debug|ARM.Deploy.0 = Debug|Any CPU
		{EDACE9BE-22F6-4808-82B2-FC01FC3B70F2}.Debug|iPhone.ActiveCfg = Debug|Any CPU
		{EDACE9BE-22F6-4808-82B2-FC01FC3B70F2}.Debug|iPhone.Build.0 = Debug|Any CPU
		{EDACE9BE-22F6-4808-82B2-FC01FC3B70F2}.Debug|iPhone.Deploy.0 = Debug|Any CPU
		{EDACE9BE-22F6-4808-82B2-FC01FC3B70F2}.Debug|iPhoneSimulator.ActiveCfg = Debug|Any CPU
		{EDACE9BE-22F6-4808-82B2-FC01FC3B70F2}.Debug|iPhoneSimulator.Build.0 = Debug|Any CPU
		{EDACE9BE-22F6-4808-82B2-FC01FC3B70F2}.Debug|iPhoneSimulator.Deploy.0 = Debug|Any CPU
		{EDACE9BE-22F6-4808-82B2-FC01FC3B70F2}.Debug|x64.ActiveCfg = Debug|Any CPU
		{EDACE9BE-22F6-4808-82B2-FC01FC3B70F2}.Debug|x64.Build.0 = Debug|Any CPU
		{EDACE9BE-22F6-4808-82B2-FC01FC3B70F2}.Debug|x64.Deploy.0 = Debug|Any CPU
		{EDACE9BE-22F6-4808-82B2-FC01FC3B70F2}.Debug|x86.ActiveCfg = Debug|Any CPU
		{EDACE9BE-22F6-4808-82B2-FC01FC3B70F2}.Debug|x86.Build.0 = Debug|Any CPU
		{EDACE9BE-22F6-4808-82B2-FC01FC3B70F2}.Debug|x86.Deploy.0 = Debug|Any CPU
		{EDACE9BE-22F6-4808-82B2-FC01FC3B70F2}.Release|Any CPU.ActiveCfg = Release|Any CPU
		{EDACE9BE-22F6-4808-82B2-FC01FC3B70F2}.Release|Any CPU.Build.0 = Release|Any CPU
		{EDACE9BE-22F6-4808-82B2-FC01FC3B70F2}.Release|Any CPU.Deploy.0 = Release|Any CPU
		{EDACE9BE-22F6-4808-82B2-FC01FC3B70F2}.Release|ARM.ActiveCfg = Release|Any CPU
		{EDACE9BE-22F6-4808-82B2-FC01FC3B70F2}.Release|ARM.Build.0 = Release|Any CPU
		{EDACE9BE-22F6-4808-82B2-FC01FC3B70F2}.Release|ARM.Deploy.0 = Release|Any CPU
		{EDACE9BE-22F6-4808-82B2-FC01FC3B70F2}.Release|iPhone.ActiveCfg = Release|Any CPU
		{EDACE9BE-22F6-4808-82B2-FC01FC3B70F2}.Release|iPhone.Build.0 = Release|Any CPU
		{EDACE9BE-22F6-4808-82B2-FC01FC3B70F2}.Release|iPhone.Deploy.0 = Release|Any CPU
		{EDACE9BE-22F6-4808-82B2-FC01FC3B70F2}.Release|iPhoneSimulator.ActiveCfg = Release|Any CPU
		{EDACE9BE-22F6-4808-82B2-FC01FC3B70F2}.Release|iPhoneSimulator.Build.0 = Release|Any CPU
		{EDACE9BE-22F6-4808-82B2-FC01FC3B70F2}.Release|iPhoneSimulator.Deploy.0 = Release|Any CPU
		{EDACE9BE-22F6-4808-82B2-FC01FC3B70F2}.Release|x64.ActiveCfg = Release|Any CPU
		{EDACE9BE-22F6-4808-82B2-FC01FC3B70F2}.Release|x64.Build.0 = Release|Any CPU
		{EDACE9BE-22F6-4808-82B2-FC01FC3B70F2}.Release|x64.Deploy.0 = Release|Any CPU
		{EDACE9BE-22F6-4808-82B2-FC01FC3B70F2}.Release|x86.ActiveCfg = Release|Any CPU
		{EDACE9BE-22F6-4808-82B2-FC01FC3B70F2}.Release|x86.Build.0 = Release|Any CPU
		{EDACE9BE-22F6-4808-82B2-FC01FC3B70F2}.Release|x86.Deploy.0 = Release|Any CPU
		{1A601AC1-6E07-430B-AECA-A686CC432B4E}.Debug|Any CPU.ActiveCfg = Debug|iPhoneSimulator
		{1A601AC1-6E07-430B-AECA-A686CC432B4E}.Debug|Any CPU.Build.0 = Debug|iPhoneSimulator
		{1A601AC1-6E07-430B-AECA-A686CC432B4E}.Debug|Any CPU.Deploy.0 = Debug|iPhoneSimulator
		{1A601AC1-6E07-430B-AECA-A686CC432B4E}.Debug|ARM.ActiveCfg = Debug|iPhone
		{1A601AC1-6E07-430B-AECA-A686CC432B4E}.Debug|ARM.Build.0 = Debug|iPhone
		{1A601AC1-6E07-430B-AECA-A686CC432B4E}.Debug|ARM.Deploy.0 = Debug|iPhone
		{1A601AC1-6E07-430B-AECA-A686CC432B4E}.Debug|iPhone.ActiveCfg = Debug|iPhone
		{1A601AC1-6E07-430B-AECA-A686CC432B4E}.Debug|iPhone.Build.0 = Debug|iPhone
		{1A601AC1-6E07-430B-AECA-A686CC432B4E}.Debug|iPhone.Deploy.0 = Debug|iPhone
		{1A601AC1-6E07-430B-AECA-A686CC432B4E}.Debug|iPhoneSimulator.ActiveCfg = Debug|iPhoneSimulator
		{1A601AC1-6E07-430B-AECA-A686CC432B4E}.Debug|iPhoneSimulator.Build.0 = Debug|iPhoneSimulator
		{1A601AC1-6E07-430B-AECA-A686CC432B4E}.Debug|iPhoneSimulator.Deploy.0 = Debug|iPhoneSimulator
		{1A601AC1-6E07-430B-AECA-A686CC432B4E}.Debug|x64.ActiveCfg = Debug|iPhoneSimulator
		{1A601AC1-6E07-430B-AECA-A686CC432B4E}.Debug|x64.Build.0 = Debug|iPhoneSimulator
		{1A601AC1-6E07-430B-AECA-A686CC432B4E}.Debug|x64.Deploy.0 = Debug|iPhoneSimulator
		{1A601AC1-6E07-430B-AECA-A686CC432B4E}.Debug|x86.ActiveCfg = Debug|iPhoneSimulator
		{1A601AC1-6E07-430B-AECA-A686CC432B4E}.Debug|x86.Build.0 = Debug|iPhoneSimulator
		{1A601AC1-6E07-430B-AECA-A686CC432B4E}.Debug|x86.Deploy.0 = Debug|iPhoneSimulator
		{1A601AC1-6E07-430B-AECA-A686CC432B4E}.Release|Any CPU.ActiveCfg = Release|iPhoneSimulator
		{1A601AC1-6E07-430B-AECA-A686CC432B4E}.Release|Any CPU.Build.0 = Release|iPhoneSimulator
		{1A601AC1-6E07-430B-AECA-A686CC432B4E}.Release|Any CPU.Deploy.0 = Release|iPhoneSimulator
		{1A601AC1-6E07-430B-AECA-A686CC432B4E}.Release|ARM.ActiveCfg = Release|iPhoneSimulator
		{1A601AC1-6E07-430B-AECA-A686CC432B4E}.Release|ARM.Build.0 = Release|iPhoneSimulator
		{1A601AC1-6E07-430B-AECA-A686CC432B4E}.Release|ARM.Deploy.0 = Release|iPhoneSimulator
		{1A601AC1-6E07-430B-AECA-A686CC432B4E}.Release|iPhone.ActiveCfg = Release|iPhone
		{1A601AC1-6E07-430B-AECA-A686CC432B4E}.Release|iPhone.Build.0 = Release|iPhone
		{1A601AC1-6E07-430B-AECA-A686CC432B4E}.Release|iPhone.Deploy.0 = Release|iPhone
		{1A601AC1-6E07-430B-AECA-A686CC432B4E}.Release|iPhoneSimulator.ActiveCfg = Release|iPhoneSimulator
		{1A601AC1-6E07-430B-AECA-A686CC432B4E}.Release|iPhoneSimulator.Build.0 = Release|iPhoneSimulator
		{1A601AC1-6E07-430B-AECA-A686CC432B4E}.Release|iPhoneSimulator.Deploy.0 = Release|iPhoneSimulator
		{1A601AC1-6E07-430B-AECA-A686CC432B4E}.Release|x64.ActiveCfg = Release|iPhoneSimulator
		{1A601AC1-6E07-430B-AECA-A686CC432B4E}.Release|x64.Build.0 = Release|iPhoneSimulator
		{1A601AC1-6E07-430B-AECA-A686CC432B4E}.Release|x64.Deploy.0 = Release|iPhoneSimulator
		{1A601AC1-6E07-430B-AECA-A686CC432B4E}.Release|x86.ActiveCfg = Release|iPhoneSimulator
		{1A601AC1-6E07-430B-AECA-A686CC432B4E}.Release|x86.Build.0 = Release|iPhoneSimulator
		{1A601AC1-6E07-430B-AECA-A686CC432B4E}.Release|x86.Deploy.0 = Release|iPhoneSimulator
		{F8D2C0E3-0AB2-4BCE-90F5-C9AFE18D399D}.Debug|Any CPU.ActiveCfg = Debug|Any CPU
		{F8D2C0E3-0AB2-4BCE-90F5-C9AFE18D399D}.Debug|Any CPU.Build.0 = Debug|Any CPU
		{F8D2C0E3-0AB2-4BCE-90F5-C9AFE18D399D}.Debug|Any CPU.Deploy.0 = Debug|Any CPU
		{F8D2C0E3-0AB2-4BCE-90F5-C9AFE18D399D}.Debug|ARM.ActiveCfg = Debug|Any CPU
		{F8D2C0E3-0AB2-4BCE-90F5-C9AFE18D399D}.Debug|ARM.Build.0 = Debug|Any CPU
		{F8D2C0E3-0AB2-4BCE-90F5-C9AFE18D399D}.Debug|ARM.Deploy.0 = Debug|Any CPU
		{F8D2C0E3-0AB2-4BCE-90F5-C9AFE18D399D}.Debug|iPhone.ActiveCfg = Debug|Any CPU
		{F8D2C0E3-0AB2-4BCE-90F5-C9AFE18D399D}.Debug|iPhone.Build.0 = Debug|Any CPU
		{F8D2C0E3-0AB2-4BCE-90F5-C9AFE18D399D}.Debug|iPhone.Deploy.0 = Debug|Any CPU
		{F8D2C0E3-0AB2-4BCE-90F5-C9AFE18D399D}.Debug|iPhoneSimulator.ActiveCfg = Debug|Any CPU
		{F8D2C0E3-0AB2-4BCE-90F5-C9AFE18D399D}.Debug|iPhoneSimulator.Build.0 = Debug|Any CPU
		{F8D2C0E3-0AB2-4BCE-90F5-C9AFE18D399D}.Debug|iPhoneSimulator.Deploy.0 = Debug|Any CPU
		{F8D2C0E3-0AB2-4BCE-90F5-C9AFE18D399D}.Debug|x64.ActiveCfg = Debug|Any CPU
		{F8D2C0E3-0AB2-4BCE-90F5-C9AFE18D399D}.Debug|x64.Build.0 = Debug|Any CPU
		{F8D2C0E3-0AB2-4BCE-90F5-C9AFE18D399D}.Debug|x64.Deploy.0 = Debug|Any CPU
		{F8D2C0E3-0AB2-4BCE-90F5-C9AFE18D399D}.Debug|x86.ActiveCfg = Debug|Any CPU
		{F8D2C0E3-0AB2-4BCE-90F5-C9AFE18D399D}.Debug|x86.Build.0 = Debug|Any CPU
		{F8D2C0E3-0AB2-4BCE-90F5-C9AFE18D399D}.Debug|x86.Deploy.0 = Debug|Any CPU
		{F8D2C0E3-0AB2-4BCE-90F5-C9AFE18D399D}.Release|Any CPU.ActiveCfg = Release|Any CPU
		{F8D2C0E3-0AB2-4BCE-90F5-C9AFE18D399D}.Release|Any CPU.Build.0 = Release|Any CPU
		{F8D2C0E3-0AB2-4BCE-90F5-C9AFE18D399D}.Release|Any CPU.Deploy.0 = Release|Any CPU
		{F8D2C0E3-0AB2-4BCE-90F5-C9AFE18D399D}.Release|ARM.ActiveCfg = Release|Any CPU
		{F8D2C0E3-0AB2-4BCE-90F5-C9AFE18D399D}.Release|ARM.Build.0 = Release|Any CPU
		{F8D2C0E3-0AB2-4BCE-90F5-C9AFE18D399D}.Release|ARM.Deploy.0 = Release|Any CPU
		{F8D2C0E3-0AB2-4BCE-90F5-C9AFE18D399D}.Release|iPhone.ActiveCfg = Release|Any CPU
		{F8D2C0E3-0AB2-4BCE-90F5-C9AFE18D399D}.Release|iPhone.Build.0 = Release|Any CPU
		{F8D2C0E3-0AB2-4BCE-90F5-C9AFE18D399D}.Release|iPhone.Deploy.0 = Release|Any CPU
		{F8D2C0E3-0AB2-4BCE-90F5-C9AFE18D399D}.Release|iPhoneSimulator.ActiveCfg = Release|Any CPU
		{F8D2C0E3-0AB2-4BCE-90F5-C9AFE18D399D}.Release|iPhoneSimulator.Build.0 = Release|Any CPU
		{F8D2C0E3-0AB2-4BCE-90F5-C9AFE18D399D}.Release|iPhoneSimulator.Deploy.0 = Release|Any CPU
		{F8D2C0E3-0AB2-4BCE-90F5-C9AFE18D399D}.Release|x64.ActiveCfg = Release|Any CPU
		{F8D2C0E3-0AB2-4BCE-90F5-C9AFE18D399D}.Release|x64.Build.0 = Release|Any CPU
		{F8D2C0E3-0AB2-4BCE-90F5-C9AFE18D399D}.Release|x64.Deploy.0 = Release|Any CPU
		{F8D2C0E3-0AB2-4BCE-90F5-C9AFE18D399D}.Release|x86.ActiveCfg = Release|Any CPU
		{F8D2C0E3-0AB2-4BCE-90F5-C9AFE18D399D}.Release|x86.Build.0 = Release|Any CPU
		{F8D2C0E3-0AB2-4BCE-90F5-C9AFE18D399D}.Release|x86.Deploy.0 = Release|Any CPU
	EndGlobalSection
	GlobalSection(SolutionProperties) = preSolution
		HideSolutionNode = FALSE
	EndGlobalSection
	GlobalSection(ExtensibilityGlobals) = postSolution
		SolutionGuid = {2AE81E1D-9C99-4802-B7A9-D07EDC797940}
	EndGlobalSection
EndGlobal
